// !$*UTF8*$!
{
	archiveVersion = 1;
	classes = {
	};
	objectVersion = 46;
	objects = {

/* Begin PBXBuildFile section */
		9C76DA8F1F6B27A500068915 /* GenreBooksVC.swift in Sources */ = {isa = PBXBuildFile; fileRef = 9C76DA8E1F6B27A500068915 /* GenreBooksVC.swift */; };
		9C76DA911F6C5D9300068915 /* GenreBookCustomCell.swift in Sources */ = {isa = PBXBuildFile; fileRef = 9C76DA901F6C5D9300068915 /* GenreBookCustomCell.swift */; };
		9C76DA961F702D5F00068915 /* MoviesVC.swift in Sources */ = {isa = PBXBuildFile; fileRef = 9C76DA951F702D5F00068915 /* MoviesVC.swift */; };
		9C76DA981F704F5300068915 /* MovieCustomCell.swift in Sources */ = {isa = PBXBuildFile; fileRef = 9C76DA971F704F5300068915 /* MovieCustomCell.swift */; };
		9C79BDE11F71885A003BB16E /* ArticleCustomCell.swift in Sources */ = {isa = PBXBuildFile; fileRef = 9C79BDE01F71885A003BB16E /* ArticleCustomCell.swift */; };
		9C79BDE31F718A56003BB16E /* ArticleVC.swift in Sources */ = {isa = PBXBuildFile; fileRef = 9C79BDE21F718A56003BB16E /* ArticleVC.swift */; };
		9C79BDE51F721390003BB16E /* UIHelper.swift in Sources */ = {isa = PBXBuildFile; fileRef = 9C79BDE41F721390003BB16E /* UIHelper.swift */; };
		9C84B3C41F672190003AFB09 /* AppDelegate.swift in Sources */ = {isa = PBXBuildFile; fileRef = 9C84B3C31F672190003AFB09 /* AppDelegate.swift */; };
		9C84B3C61F672190003AFB09 /* ViewController.swift in Sources */ = {isa = PBXBuildFile; fileRef = 9C84B3C51F672190003AFB09 /* ViewController.swift */; };
		9C84B3C91F672190003AFB09 /* Main.storyboard in Resources */ = {isa = PBXBuildFile; fileRef = 9C84B3C71F672190003AFB09 /* Main.storyboard */; };
		9C84B3CB1F672190003AFB09 /* Assets.xcassets in Resources */ = {isa = PBXBuildFile; fileRef = 9C84B3CA1F672190003AFB09 /* Assets.xcassets */; };
		9C84B3CE1F672190003AFB09 /* LaunchScreen.storyboard in Resources */ = {isa = PBXBuildFile; fileRef = 9C84B3CC1F672190003AFB09 /* LaunchScreen.storyboard */; };
		9C84B3D91F672190003AFB09 /* NYTCodeTests.swift in Sources */ = {isa = PBXBuildFile; fileRef = 9C84B3D81F672190003AFB09 /* NYTCodeTests.swift */; };
		9C84B3E41F672190003AFB09 /* NYTCodeUITests.swift in Sources */ = {isa = PBXBuildFile; fileRef = 9C84B3E31F672190003AFB09 /* NYTCodeUITests.swift */; };
		9C95C9701F69C43200E19D19 /* BookVC.swift in Sources */ = {isa = PBXBuildFile; fileRef = 9C95C96F1F69C43200E19D19 /* BookVC.swift */; };
		9C95C9721F69D2E200E19D19 /* BookCustomCell.swift in Sources */ = {isa = PBXBuildFile; fileRef = 9C95C9711F69D2E200E19D19 /* BookCustomCell.swift */; };
		9CA0A0A51F67297A00E42A1E /* URLConstants.swift in Sources */ = {isa = PBXBuildFile; fileRef = 9CA0A0A41F67297A00E42A1E /* URLConstants.swift */; };
		9CA0A0A71F673F5800E42A1E /* Engravers Old English Normal.ttf in Resources */ = {isa = PBXBuildFile; fileRef = 9CA0A0A61F673F5800E42A1E /* Engravers Old English Normal.ttf */; };
		9CA0A0A91F6831C900E42A1E /* TopStoriesVC.swift in Sources */ = {isa = PBXBuildFile; fileRef = 9CA0A0A81F6831C900E42A1E /* TopStoriesVC.swift */; };
		9CA0A0AF1F686AAA00E42A1E /* TopStoryCustomCell.swift in Sources */ = {isa = PBXBuildFile; fileRef = 9CA0A0AE1F686AAA00E42A1E /* TopStoryCustomCell.swift */; };
		9CAF17A61F6991AC00415E78 /* ReadStoryVC.swift in Sources */ = {isa = PBXBuildFile; fileRef = 9CAF17A51F6991AC00415E78 /* ReadStoryVC.swift */; };
		BDCB4DCAFC001122B6902F01 /* Pods_NYTCode.framework in Frameworks */ = {isa = PBXBuildFile; fileRef = 26DEF06BDD2F5F26CF2BD16A /* Pods_NYTCode.framework */; };
/* End PBXBuildFile section */

/* Begin PBXContainerItemProxy section */
		9C84B3D51F672190003AFB09 /* PBXContainerItemProxy */ = {
			isa = PBXContainerItemProxy;
			containerPortal = 9C84B3B81F672190003AFB09 /* Project object */;
			proxyType = 1;
			remoteGlobalIDString = 9C84B3BF1F672190003AFB09;
			remoteInfo = NYTCode;
		};
		9C84B3E01F672190003AFB09 /* PBXContainerItemProxy */ = {
			isa = PBXContainerItemProxy;
			containerPortal = 9C84B3B81F672190003AFB09 /* Project object */;
			proxyType = 1;
			remoteGlobalIDString = 9C84B3BF1F672190003AFB09;
			remoteInfo = NYTCode;
		};
/* End PBXContainerItemProxy section */

/* Begin PBXFileReference section */
		26DEF06BDD2F5F26CF2BD16A /* Pods_NYTCode.framework */ = {isa = PBXFileReference; explicitFileType = wrapper.framework; includeInIndex = 0; path = Pods_NYTCode.framework; sourceTree = BUILT_PRODUCTS_DIR; };
		551D94011A117FA2BA1727EE /* Pods-NYTCode.debug.xcconfig */ = {isa = PBXFileReference; includeInIndex = 1; lastKnownFileType = text.xcconfig; name = "Pods-NYTCode.debug.xcconfig"; path = "Pods/Target Support Files/Pods-NYTCode/Pods-NYTCode.debug.xcconfig"; sourceTree = "<group>"; };
		696714F079ACD4E6D803D0C4 /* Pods_NYTCodeTests.framework */ = {isa = PBXFileReference; explicitFileType = wrapper.framework; includeInIndex = 0; path = Pods_NYTCodeTests.framework; sourceTree = BUILT_PRODUCTS_DIR; };
		9C76DA8E1F6B27A500068915 /* GenreBooksVC.swift */ = {isa = PBXFileReference; fileEncoding = 4; lastKnownFileType = sourcecode.swift; path = GenreBooksVC.swift; sourceTree = "<group>"; };
		9C76DA901F6C5D9300068915 /* GenreBookCustomCell.swift */ = {isa = PBXFileReference; fileEncoding = 4; lastKnownFileType = sourcecode.swift; path = GenreBookCustomCell.swift; sourceTree = "<group>"; };
		9C76DA951F702D5F00068915 /* MoviesVC.swift */ = {isa = PBXFileReference; fileEncoding = 4; lastKnownFileType = sourcecode.swift; name = MoviesVC.swift; path = ../MoviesVC.swift; sourceTree = "<group>"; };
		9C76DA971F704F5300068915 /* MovieCustomCell.swift */ = {isa = PBXFileReference; fileEncoding = 4; lastKnownFileType = sourcecode.swift; path = MovieCustomCell.swift; sourceTree = "<group>"; };
		9C79BDE01F71885A003BB16E /* ArticleCustomCell.swift */ = {isa = PBXFileReference; fileEncoding = 4; lastKnownFileType = sourcecode.swift; path = ArticleCustomCell.swift; sourceTree = "<group>"; };
		9C79BDE21F718A56003BB16E /* ArticleVC.swift */ = {isa = PBXFileReference; fileEncoding = 4; lastKnownFileType = sourcecode.swift; path = ArticleVC.swift; sourceTree = "<group>"; };
		9C79BDE41F721390003BB16E /* UIHelper.swift */ = {isa = PBXFileReference; fileEncoding = 4; lastKnownFileType = sourcecode.swift; path = UIHelper.swift; sourceTree = "<group>"; };
		9C84B3C01F672190003AFB09 /* NYTCode.app */ = {isa = PBXFileReference; explicitFileType = wrapper.application; includeInIndex = 0; path = NYTCode.app; sourceTree = BUILT_PRODUCTS_DIR; };
		9C84B3C31F672190003AFB09 /* AppDelegate.swift */ = {isa = PBXFileReference; lastKnownFileType = sourcecode.swift; path = AppDelegate.swift; sourceTree = "<group>"; };
		9C84B3C51F672190003AFB09 /* ViewController.swift */ = {isa = PBXFileReference; lastKnownFileType = sourcecode.swift; path = ViewController.swift; sourceTree = "<group>"; };
		9C84B3C81F672190003AFB09 /* Base */ = {isa = PBXFileReference; lastKnownFileType = file.storyboard; name = Base; path = Base.lproj/Main.storyboard; sourceTree = "<group>"; };
		9C84B3CA1F672190003AFB09 /* Assets.xcassets */ = {isa = PBXFileReference; lastKnownFileType = folder.assetcatalog; path = Assets.xcassets; sourceTree = "<group>"; };
		9C84B3CD1F672190003AFB09 /* Base */ = {isa = PBXFileReference; lastKnownFileType = file.storyboard; name = Base; path = Base.lproj/LaunchScreen.storyboard; sourceTree = "<group>"; };
		9C84B3CF1F672190003AFB09 /* Info.plist */ = {isa = PBXFileReference; lastKnownFileType = text.plist.xml; path = Info.plist; sourceTree = "<group>"; };
		9C84B3D41F672190003AFB09 /* NYTCodeTests.xctest */ = {isa = PBXFileReference; explicitFileType = wrapper.cfbundle; includeInIndex = 0; path = NYTCodeTests.xctest; sourceTree = BUILT_PRODUCTS_DIR; };
		9C84B3D81F672190003AFB09 /* NYTCodeTests.swift */ = {isa = PBXFileReference; lastKnownFileType = sourcecode.swift; path = NYTCodeTests.swift; sourceTree = "<group>"; };
		9C84B3DA1F672190003AFB09 /* Info.plist */ = {isa = PBXFileReference; lastKnownFileType = text.plist.xml; path = Info.plist; sourceTree = "<group>"; };
		9C84B3DF1F672190003AFB09 /* NYTCodeUITests.xctest */ = {isa = PBXFileReference; explicitFileType = wrapper.cfbundle; includeInIndex = 0; path = NYTCodeUITests.xctest; sourceTree = BUILT_PRODUCTS_DIR; };
		9C84B3E31F672190003AFB09 /* NYTCodeUITests.swift */ = {isa = PBXFileReference; lastKnownFileType = sourcecode.swift; path = NYTCodeUITests.swift; sourceTree = "<group>"; };
		9C84B3E51F672190003AFB09 /* Info.plist */ = {isa = PBXFileReference; lastKnownFileType = text.plist.xml; path = Info.plist; sourceTree = "<group>"; };
		9C95C96F1F69C43200E19D19 /* BookVC.swift */ = {isa = PBXFileReference; fileEncoding = 4; lastKnownFileType = sourcecode.swift; path = BookVC.swift; sourceTree = "<group>"; };
		9C95C9711F69D2E200E19D19 /* BookCustomCell.swift */ = {isa = PBXFileReference; fileEncoding = 4; lastKnownFileType = sourcecode.swift; path = BookCustomCell.swift; sourceTree = "<group>"; };
		9CA0A0A41F67297A00E42A1E /* URLConstants.swift */ = {isa = PBXFileReference; fileEncoding = 4; lastKnownFileType = sourcecode.swift; path = URLConstants.swift; sourceTree = "<group>"; };
		9CA0A0A61F673F5800E42A1E /* Engravers Old English Normal.ttf */ = {isa = PBXFileReference; lastKnownFileType = file; path = "Engravers Old English Normal.ttf"; sourceTree = "<group>"; };
		9CA0A0A81F6831C900E42A1E /* TopStoriesVC.swift */ = {isa = PBXFileReference; fileEncoding = 4; lastKnownFileType = sourcecode.swift; path = TopStoriesVC.swift; sourceTree = "<group>"; };
		9CA0A0AE1F686AAA00E42A1E /* TopStoryCustomCell.swift */ = {isa = PBXFileReference; fileEncoding = 4; lastKnownFileType = sourcecode.swift; path = TopStoryCustomCell.swift; sourceTree = "<group>"; };
		9CAF17A51F6991AC00415E78 /* ReadStoryVC.swift */ = {isa = PBXFileReference; fileEncoding = 4; lastKnownFileType = sourcecode.swift; path = ReadStoryVC.swift; sourceTree = "<group>"; };
		BD1167614BB4D33E3D48F22A /* Pods-NYTCode.release.xcconfig */ = {isa = PBXFileReference; includeInIndex = 1; lastKnownFileType = text.xcconfig; name = "Pods-NYTCode.release.xcconfig"; path = "Pods/Target Support Files/Pods-NYTCode/Pods-NYTCode.release.xcconfig"; sourceTree = "<group>"; };
		C09A96D3DD7505CA5AD600A1 /* Pods_NYTCodeUITests.framework */ = {isa = PBXFileReference; explicitFileType = wrapper.framework; includeInIndex = 0; path = Pods_NYTCodeUITests.framework; sourceTree = BUILT_PRODUCTS_DIR; };
/* End PBXFileReference section */

/* Begin PBXFrameworksBuildPhase section */
		9C84B3BD1F672190003AFB09 /* Frameworks */ = {
			isa = PBXFrameworksBuildPhase;
			buildActionMask = 2147483647;
			files = (
				BDCB4DCAFC001122B6902F01 /* Pods_NYTCode.framework in Frameworks */,
			);
			runOnlyForDeploymentPostprocessing = 0;
		};
		9C84B3D11F672190003AFB09 /* Frameworks */ = {
			isa = PBXFrameworksBuildPhase;
			buildActionMask = 2147483647;
			files = (
			);
			runOnlyForDeploymentPostprocessing = 0;
		};
		9C84B3DC1F672190003AFB09 /* Frameworks */ = {
			isa = PBXFrameworksBuildPhase;
			buildActionMask = 2147483647;
			files = (
			);
			runOnlyForDeploymentPostprocessing = 0;
		};
/* End PBXFrameworksBuildPhase section */

/* Begin PBXGroup section */
		5ACE142DC67890AC73DA53B8 /* Frameworks */ = {
			isa = PBXGroup;
			children = (
				26DEF06BDD2F5F26CF2BD16A /* Pods_NYTCode.framework */,
				696714F079ACD4E6D803D0C4 /* Pods_NYTCodeTests.framework */,
				C09A96D3DD7505CA5AD600A1 /* Pods_NYTCodeUITests.framework */,
			);
			name = Frameworks;
			sourceTree = "<group>";
		};
		88743DD7E79270F944F782D6 /* Pods */ = {
			isa = PBXGroup;
			children = (
				551D94011A117FA2BA1727EE /* Pods-NYTCode.debug.xcconfig */,
				BD1167614BB4D33E3D48F22A /* Pods-NYTCode.release.xcconfig */,
			);
			name = Pods;
			sourceTree = "<group>";
		};
		9C76DA921F7026B100068915 /* ViewController */ = {
			isa = PBXGroup;
			children = (
				9C76DA951F702D5F00068915 /* MoviesVC.swift */,
				9C76DA8E1F6B27A500068915 /* GenreBooksVC.swift */,
				9C95C96F1F69C43200E19D19 /* BookVC.swift */,
				9CA0A0A81F6831C900E42A1E /* TopStoriesVC.swift */,
				9CAF17A51F6991AC00415E78 /* ReadStoryVC.swift */,
				9C84B3C51F672190003AFB09 /* ViewController.swift */,
				9C79BDE21F718A56003BB16E /* ArticleVC.swift */,
			);
			name = ViewController;
			sourceTree = "<group>";
		};
		9C76DA931F7026DF00068915 /* CustomCells */ = {
			isa = PBXGroup;
			children = (
				9CA0A0AE1F686AAA00E42A1E /* TopStoryCustomCell.swift */,
				9C95C9711F69D2E200E19D19 /* BookCustomCell.swift */,
				9C76DA901F6C5D9300068915 /* GenreBookCustomCell.swift */,
				9C76DA971F704F5300068915 /* MovieCustomCell.swift */,
				9C79BDE01F71885A003BB16E /* ArticleCustomCell.swift */,
			);
			name = CustomCells;
			sourceTree = "<group>";
		};
		9C76DA941F7026F400068915 /* HelperClasses */ = {
			isa = PBXGroup;
			children = (
				9CA0A0A41F67297A00E42A1E /* URLConstants.swift */,
				9C79BDE41F721390003BB16E /* UIHelper.swift */,
			);
			name = HelperClasses;
			sourceTree = "<group>";
		};
		9C84B3B71F672190003AFB09 = {
			isa = PBXGroup;
			children = (
				9C84B3C21F672190003AFB09 /* NYTCode */,
				9C84B3D71F672190003AFB09 /* NYTCodeTests */,
				9C84B3E21F672190003AFB09 /* NYTCodeUITests */,
				9C84B3C11F672190003AFB09 /* Products */,
				88743DD7E79270F944F782D6 /* Pods */,
				5ACE142DC67890AC73DA53B8 /* Frameworks */,
			);
			sourceTree = "<group>";
		};
		9C84B3C11F672190003AFB09 /* Products */ = {
			isa = PBXGroup;
			children = (
				9C84B3C01F672190003AFB09 /* NYTCode.app */,
				9C84B3D41F672190003AFB09 /* NYTCodeTests.xctest */,
				9C84B3DF1F672190003AFB09 /* NYTCodeUITests.xctest */,
			);
			name = Products;
			sourceTree = "<group>";
		};
		9C84B3C21F672190003AFB09 /* NYTCode */ = {
			isa = PBXGroup;
			children = (
				9C84B3C31F672190003AFB09 /* AppDelegate.swift */,
				9C76DA941F7026F400068915 /* HelperClasses */,
				9C76DA931F7026DF00068915 /* CustomCells */,
				9C76DA921F7026B100068915 /* ViewController */,
				9CA0A0A61F673F5800E42A1E /* Engravers Old English Normal.ttf */,
				9C84B3C71F672190003AFB09 /* Main.storyboard */,
				9C84B3CA1F672190003AFB09 /* Assets.xcassets */,
				9C84B3CC1F672190003AFB09 /* LaunchScreen.storyboard */,
				9C84B3CF1F672190003AFB09 /* Info.plist */,
			);
			path = NYTCode;
			sourceTree = "<group>";
		};
		9C84B3D71F672190003AFB09 /* NYTCodeTests */ = {
			isa = PBXGroup;
			children = (
				9C84B3D81F672190003AFB09 /* NYTCodeTests.swift */,
				9C84B3DA1F672190003AFB09 /* Info.plist */,
			);
			path = NYTCodeTests;
			sourceTree = "<group>";
		};
		9C84B3E21F672190003AFB09 /* NYTCodeUITests */ = {
			isa = PBXGroup;
			children = (
				9C84B3E31F672190003AFB09 /* NYTCodeUITests.swift */,
				9C84B3E51F672190003AFB09 /* Info.plist */,
			);
			path = NYTCodeUITests;
			sourceTree = "<group>";
		};
/* End PBXGroup section */

/* Begin PBXNativeTarget section */
		9C84B3BF1F672190003AFB09 /* NYTCode */ = {
			isa = PBXNativeTarget;
			buildConfigurationList = 9C84B3E81F672190003AFB09 /* Build configuration list for PBXNativeTarget "NYTCode" */;
			buildPhases = (
				0D8771F3544C748B141E856C /* [CP] Check Pods Manifest.lock */,
				9C84B3BC1F672190003AFB09 /* Sources */,
				9C84B3BD1F672190003AFB09 /* Frameworks */,
				9C84B3BE1F672190003AFB09 /* Resources */,
				E5080FD605426B34F1B66B14 /* [CP] Embed Pods Frameworks */,
				C74BE35061AD41173B6F596A /* [CP] Copy Pods Resources */,
			);
			buildRules = (
			);
			dependencies = (
			);
			name = NYTCode;
			productName = NYTCode;
			productReference = 9C84B3C01F672190003AFB09 /* NYTCode.app */;
			productType = "com.apple.product-type.application";
		};
		9C84B3D31F672190003AFB09 /* NYTCodeTests */ = {
			isa = PBXNativeTarget;
			buildConfigurationList = 9C84B3EB1F672190003AFB09 /* Build configuration list for PBXNativeTarget "NYTCodeTests" */;
			buildPhases = (
				9C84B3D01F672190003AFB09 /* Sources */,
				9C84B3D11F672190003AFB09 /* Frameworks */,
				9C84B3D21F672190003AFB09 /* Resources */,
			);
			buildRules = (
			);
			dependencies = (
				9C84B3D61F672190003AFB09 /* PBXTargetDependency */,
			);
			name = NYTCodeTests;
			productName = NYTCodeTests;
			productReference = 9C84B3D41F672190003AFB09 /* NYTCodeTests.xctest */;
			productType = "com.apple.product-type.bundle.unit-test";
		};
		9C84B3DE1F672190003AFB09 /* NYTCodeUITests */ = {
			isa = PBXNativeTarget;
			buildConfigurationList = 9C84B3EE1F672190003AFB09 /* Build configuration list for PBXNativeTarget "NYTCodeUITests" */;
			buildPhases = (
				9C84B3DB1F672190003AFB09 /* Sources */,
				9C84B3DC1F672190003AFB09 /* Frameworks */,
				9C84B3DD1F672190003AFB09 /* Resources */,
			);
			buildRules = (
			);
			dependencies = (
				9C84B3E11F672190003AFB09 /* PBXTargetDependency */,
			);
			name = NYTCodeUITests;
			productName = NYTCodeUITests;
			productReference = 9C84B3DF1F672190003AFB09 /* NYTCodeUITests.xctest */;
			productType = "com.apple.product-type.bundle.ui-testing";
		};
/* End PBXNativeTarget section */

/* Begin PBXProject section */
		9C84B3B81F672190003AFB09 /* Project object */ = {
			isa = PBXProject;
			attributes = {
				LastSwiftUpdateCheck = 0830;
				LastUpgradeCheck = 0830;
				ORGANIZATIONNAME = "Manik Lamba";
				TargetAttributes = {
					9C84B3BF1F672190003AFB09 = {
						CreatedOnToolsVersion = 8.3.2;
						DevelopmentTeam = K76J9YS22W;
						ProvisioningStyle = Automatic;
					};
					9C84B3D31F672190003AFB09 = {
						CreatedOnToolsVersion = 8.3.2;
						DevelopmentTeam = K76J9YS22W;
						ProvisioningStyle = Automatic;
						TestTargetID = 9C84B3BF1F672190003AFB09;
					};
					9C84B3DE1F672190003AFB09 = {
						CreatedOnToolsVersion = 8.3.2;
						DevelopmentTeam = K76J9YS22W;
						ProvisioningStyle = Automatic;
						TestTargetID = 9C84B3BF1F672190003AFB09;
					};
				};
			};
			buildConfigurationList = 9C84B3BB1F672190003AFB09 /* Build configuration list for PBXProject "NYTCode" */;
			compatibilityVersion = "Xcode 3.2";
			developmentRegion = English;
			hasScannedForEncodings = 0;
			knownRegions = (
				en,
				Base,
			);
			mainGroup = 9C84B3B71F672190003AFB09;
			productRefGroup = 9C84B3C11F672190003AFB09 /* Products */;
			projectDirPath = "";
			projectRoot = "";
			targets = (
				9C84B3BF1F672190003AFB09 /* NYTCode */,
				9C84B3D31F672190003AFB09 /* NYTCodeTests */,
				9C84B3DE1F672190003AFB09 /* NYTCodeUITests */,
			);
		};
/* End PBXProject section */

/* Begin PBXResourcesBuildPhase section */
		9C84B3BE1F672190003AFB09 /* Resources */ = {
			isa = PBXResourcesBuildPhase;
			buildActionMask = 2147483647;
			files = (
				9C84B3CE1F672190003AFB09 /* LaunchScreen.storyboard in Resources */,
				9C84B3CB1F672190003AFB09 /* Assets.xcassets in Resources */,
				9CA0A0A71F673F5800E42A1E /* Engravers Old English Normal.ttf in Resources */,
				9C84B3C91F672190003AFB09 /* Main.storyboard in Resources */,
			);
			runOnlyForDeploymentPostprocessing = 0;
		};
		9C84B3D21F672190003AFB09 /* Resources */ = {
			isa = PBXResourcesBuildPhase;
			buildActionMask = 2147483647;
			files = (
			);
			runOnlyForDeploymentPostprocessing = 0;
		};
		9C84B3DD1F672190003AFB09 /* Resources */ = {
			isa = PBXResourcesBuildPhase;
			buildActionMask = 2147483647;
			files = (
			);
			runOnlyForDeploymentPostprocessing = 0;
		};
/* End PBXResourcesBuildPhase section */

/* Begin PBXShellScriptBuildPhase section */
		0D8771F3544C748B141E856C /* [CP] Check Pods Manifest.lock */ = {
			isa = PBXShellScriptBuildPhase;
			buildActionMask = 2147483647;
			files = (
			);
			inputPaths = (
				"${PODS_PODFILE_DIR_PATH}/Podfile.lock",
				"${PODS_ROOT}/Manifest.lock",
			);
			name = "[CP] Check Pods Manifest.lock";
			outputPaths = (
				"$(DERIVED_FILE_DIR)/Pods-NYTCode-checkManifestLockResult.txt",
			);
			runOnlyForDeploymentPostprocessing = 0;
			shellPath = /bin/sh;
			shellScript = "diff \"${PODS_PODFILE_DIR_PATH}/Podfile.lock\" \"${PODS_ROOT}/Manifest.lock\" > /dev/null\nif [ $? != 0 ] ; then\n    # print error to STDERR\n    echo \"error: The sandbox is not in sync with the Podfile.lock. Run 'pod install' or update your CocoaPods installation.\" >&2\n    exit 1\nfi\n# This output is used by Xcode 'outputs' to avoid re-running this script phase.\necho \"SUCCESS\" > \"${SCRIPT_OUTPUT_FILE_0}\"\n";
			showEnvVarsInLog = 0;
		};
		C74BE35061AD41173B6F596A /* [CP] Copy Pods Resources */ = {
			isa = PBXShellScriptBuildPhase;
			buildActionMask = 2147483647;
			files = (
			);
			inputPaths = (
			);
			name = "[CP] Copy Pods Resources";
			outputPaths = (
			);
			runOnlyForDeploymentPostprocessing = 0;
			shellPath = /bin/sh;
			shellScript = "\"${SRCROOT}/Pods/Target Support Files/Pods-NYTCode/Pods-NYTCode-resources.sh\"\n";
			showEnvVarsInLog = 0;
		};
		E5080FD605426B34F1B66B14 /* [CP] Embed Pods Frameworks */ = {
			isa = PBXShellScriptBuildPhase;
			buildActionMask = 2147483647;
			files = (
			);
			inputPaths = (
				"${SRCROOT}/Pods/Target Support Files/Pods-NYTCode/Pods-NYTCode-frameworks.sh",
				"${BUILT_PRODUCTS_DIR}/Alamofire/Alamofire.framework",
			);
			name = "[CP] Embed Pods Frameworks";
			outputPaths = (
				"${TARGET_BUILD_DIR}/${FRAMEWORKS_FOLDER_PATH}/Alamofire.framework",
			);
			runOnlyForDeploymentPostprocessing = 0;
			shellPath = /bin/sh;
			shellScript = "\"${SRCROOT}/Pods/Target Support Files/Pods-NYTCode/Pods-NYTCode-frameworks.sh\"\n";
			showEnvVarsInLog = 0;
		};
/* End PBXShellScriptBuildPhase section */

/* Begin PBXSourcesBuildPhase section */
		9C84B3BC1F672190003AFB09 /* Sources */ = {
			isa = PBXSourcesBuildPhase;
			buildActionMask = 2147483647;
			files = (
				9CAF17A61F6991AC00415E78 /* ReadStoryVC.swift in Sources */,
				9CA0A0A51F67297A00E42A1E /* URLConstants.swift in Sources */,
				9C76DA961F702D5F00068915 /* MoviesVC.swift in Sources */,
				9C79BDE31F718A56003BB16E /* ArticleVC.swift in Sources */,
				9C84B3C61F672190003AFB09 /* ViewController.swift in Sources */,
				9CA0A0AF1F686AAA00E42A1E /* TopStoryCustomCell.swift in Sources */,
				9CA0A0A91F6831C900E42A1E /* TopStoriesVC.swift in Sources */,
				9C95C9721F69D2E200E19D19 /* BookCustomCell.swift in Sources */,
				9C79BDE51F721390003BB16E /* UIHelper.swift in Sources */,
				9C79BDE11F71885A003BB16E /* ArticleCustomCell.swift in Sources */,
				9C84B3C41F672190003AFB09 /* AppDelegate.swift in Sources */,
				9C76DA911F6C5D9300068915 /* GenreBookCustomCell.swift in Sources */,
				9C76DA8F1F6B27A500068915 /* GenreBooksVC.swift in Sources */,
				9C95C9701F69C43200E19D19 /* BookVC.swift in Sources */,
				9C76DA981F704F5300068915 /* MovieCustomCell.swift in Sources */,
			);
			runOnlyForDeploymentPostprocessing = 0;
		};
		9C84B3D01F672190003AFB09 /* Sources */ = {
			isa = PBXSourcesBuildPhase;
			buildActionMask = 2147483647;
			files = (
				9C84B3D91F672190003AFB09 /* NYTCodeTests.swift in Sources */,
			);
			runOnlyForDeploymentPostprocessing = 0;
		};
		9C84B3DB1F672190003AFB09 /* Sources */ = {
			isa = PBXSourcesBuildPhase;
			buildActionMask = 2147483647;
			files = (
				9C84B3E41F672190003AFB09 /* NYTCodeUITests.swift in Sources */,
			);
			runOnlyForDeploymentPostprocessing = 0;
		};
/* End PBXSourcesBuildPhase section */

/* Begin PBXTargetDependency section */
		9C84B3D61F672190003AFB09 /* PBXTargetDependency */ = {
			isa = PBXTargetDependency;
			target = 9C84B3BF1F672190003AFB09 /* NYTCode */;
			targetProxy = 9C84B3D51F672190003AFB09 /* PBXContainerItemProxy */;
		};
		9C84B3E11F672190003AFB09 /* PBXTargetDependency */ = {
			isa = PBXTargetDependency;
			target = 9C84B3BF1F672190003AFB09 /* NYTCode */;
			targetProxy = 9C84B3E01F672190003AFB09 /* PBXContainerItemProxy */;
		};
/* End PBXTargetDependency section */

/* Begin PBXVariantGroup section */
		9C84B3C71F672190003AFB09 /* Main.storyboard */ = {
			isa = PBXVariantGroup;
			children = (
				9C84B3C81F672190003AFB09 /* Base */,
			);
			name = Main.storyboard;
			sourceTree = "<group>";
		};
		9C84B3CC1F672190003AFB09 /* LaunchScreen.storyboard */ = {
			isa = PBXVariantGroup;
			children = (
				9C84B3CD1F672190003AFB09 /* Base */,
			);
			name = LaunchScreen.storyboard;
			sourceTree = "<group>";
		};
/* End PBXVariantGroup section */

/* Begin XCBuildConfiguration section */
		9C84B3E61F672190003AFB09 /* Debug */ = {
			isa = XCBuildConfiguration;
			buildSettings = {
				ALWAYS_SEARCH_USER_PATHS = NO;
				CLANG_ANALYZER_NONNULL = YES;
				CLANG_ANALYZER_NUMBER_OBJECT_CONVERSION = YES_AGGRESSIVE;
				CLANG_CXX_LANGUAGE_STANDARD = "gnu++0x";
				CLANG_CXX_LIBRARY = "libc++";
				CLANG_ENABLE_MODULES = YES;
				CLANG_ENABLE_OBJC_ARC = YES;
				CLANG_WARN_BOOL_CONVERSION = YES;
				CLANG_WARN_CONSTANT_CONVERSION = YES;
				CLANG_WARN_DIRECT_OBJC_ISA_USAGE = YES_ERROR;
				CLANG_WARN_DOCUMENTATION_COMMENTS = YES;
				CLANG_WARN_EMPTY_BODY = YES;
				CLANG_WARN_ENUM_CONVERSION = YES;
				CLANG_WARN_INFINITE_RECURSION = YES;
				CLANG_WARN_INT_CONVERSION = YES;
				CLANG_WARN_OBJC_ROOT_CLASS = YES_ERROR;
				CLANG_WARN_SUSPICIOUS_MOVE = YES;
				CLANG_WARN_UNREACHABLE_CODE = YES;
				CLANG_WARN__DUPLICATE_METHOD_MATCH = YES;
				"CODE_SIGN_IDENTITY[sdk=iphoneos*]" = "iPhone Developer";
				COPY_PHASE_STRIP = NO;
				DEBUG_INFORMATION_FORMAT = dwarf;
				ENABLE_STRICT_OBJC_MSGSEND = YES;
				ENABLE_TESTABILITY = YES;
				GCC_C_LANGUAGE_STANDARD = gnu99;
				GCC_DYNAMIC_NO_PIC = NO;
				GCC_NO_COMMON_BLOCKS = YES;
				GCC_OPTIMIZATION_LEVEL = 0;
				GCC_PREPROCESSOR_DEFINITIONS = (
					"DEBUG=1",
					"$(inherited)",
				);
				GCC_WARN_64_TO_32_BIT_CONVERSION = YES;
				GCC_WARN_ABOUT_RETURN_TYPE = YES_ERROR;
				GCC_WARN_UNDECLARED_SELECTOR = YES;
				GCC_WARN_UNINITIALIZED_AUTOS = YES_AGGRESSIVE;
				GCC_WARN_UNUSED_FUNCTION = YES;
				GCC_WARN_UNUSED_VARIABLE = YES;
				IPHONEOS_DEPLOYMENT_TARGET = 10.3;
				MTL_ENABLE_DEBUG_INFO = YES;
				ONLY_ACTIVE_ARCH = YES;
				SDKROOT = iphoneos;
				SWIFT_ACTIVE_COMPILATION_CONDITIONS = DEBUG;
				SWIFT_OPTIMIZATION_LEVEL = "-Onone";
				TARGETED_DEVICE_FAMILY = "1,2";
			};
			name = Debug;
		};
		9C84B3E71F672190003AFB09 /* Release */ = {
			isa = XCBuildConfiguration;
			buildSettings = {
				ALWAYS_SEARCH_USER_PATHS = NO;
				CLANG_ANALYZER_NONNULL = YES;
				CLANG_ANALYZER_NUMBER_OBJECT_CONVERSION = YES_AGGRESSIVE;
				CLANG_CXX_LANGUAGE_STANDARD = "gnu++0x";
				CLANG_CXX_LIBRARY = "libc++";
				CLANG_ENABLE_MODULES = YES;
				CLANG_ENABLE_OBJC_ARC = YES;
				CLANG_WARN_BOOL_CONVERSION = YES;
				CLANG_WARN_CONSTANT_CONVERSION = YES;
				CLANG_WARN_DIRECT_OBJC_ISA_USAGE = YES_ERROR;
				CLANG_WARN_DOCUMENTATION_COMMENTS = YES;
				CLANG_WARN_EMPTY_BODY = YES;
				CLANG_WARN_ENUM_CONVERSION = YES;
				CLANG_WARN_INFINITE_RECURSION = YES;
				CLANG_WARN_INT_CONVERSION = YES;
				CLANG_WARN_OBJC_ROOT_CLASS = YES_ERROR;
				CLANG_WARN_SUSPICIOUS_MOVE = YES;
				CLANG_WARN_UNREACHABLE_CODE = YES;
				CLANG_WARN__DUPLICATE_METHOD_MATCH = YES;
				"CODE_SIGN_IDENTITY[sdk=iphoneos*]" = "iPhone Developer";
				COPY_PHASE_STRIP = NO;
				DEBUG_INFORMATION_FORMAT = "dwarf-with-dsym";
				ENABLE_NS_ASSERTIONS = NO;
				ENABLE_STRICT_OBJC_MSGSEND = YES;
				GCC_C_LANGUAGE_STANDARD = gnu99;
				GCC_NO_COMMON_BLOCKS = YES;
				GCC_WARN_64_TO_32_BIT_CONVERSION = YES;
				GCC_WARN_ABOUT_RETURN_TYPE = YES_ERROR;
				GCC_WARN_UNDECLARED_SELECTOR = YES;
				GCC_WARN_UNINITIALIZED_AUTOS = YES_AGGRESSIVE;
				GCC_WARN_UNUSED_FUNCTION = YES;
				GCC_WARN_UNUSED_VARIABLE = YES;
				IPHONEOS_DEPLOYMENT_TARGET = 10.3;
				MTL_ENABLE_DEBUG_INFO = NO;
				SDKROOT = iphoneos;
				SWIFT_OPTIMIZATION_LEVEL = "-Owholemodule";
				TARGETED_DEVICE_FAMILY = "1,2";
				VALIDATE_PRODUCT = YES;
			};
			name = Release;
		};
		9C84B3E91F672190003AFB09 /* Debug */ = {
			isa = XCBuildConfiguration;
			baseConfigurationReference = 551D94011A117FA2BA1727EE /* Pods-NYTCode.debug.xcconfig */;
			buildSettings = {
				ASSETCATALOG_COMPILER_APPICON_NAME = AppIcon;
				DEVELOPMENT_TEAM = K76J9YS22W;
				INFOPLIST_FILE = NYTCode/Info.plist;
				LD_RUNPATH_SEARCH_PATHS = "$(inherited) @executable_path/Frameworks";
				PRODUCT_BUNDLE_IDENTIFIER = self.NYTCode;
				PRODUCT_NAME = "$(TARGET_NAME)";
				SWIFT_VERSION = 3.0;
			};
			name = Debug;
		};
		9C84B3EA1F672190003AFB09 /* Release */ = {
			isa = XCBuildConfiguration;
			baseConfigurationReference = BD1167614BB4D33E3D48F22A /* Pods-NYTCode.release.xcconfig */;
			buildSettings = {
				ASSETCATALOG_COMPILER_APPICON_NAME = AppIcon;
				DEVELOPMENT_TEAM = K76J9YS22W;
				INFOPLIST_FILE = NYTCode/Info.plist;
				LD_RUNPATH_SEARCH_PATHS = "$(inherited) @executable_path/Frameworks";
				PRODUCT_BUNDLE_IDENTIFIER = self.NYTCode;
				PRODUCT_NAME = "$(TARGET_NAME)";
				SWIFT_VERSION = 3.0;
			};
			name = Release;
		};
		9C84B3EC1F672190003AFB09 /* Debug */ = {
			isa = XCBuildConfiguration;
			buildSettings = {
				ALWAYS_EMBED_SWIFT_STANDARD_LIBRARIES = YES;
				BUNDLE_LOADER = "$(TEST_HOST)";
				DEVELOPMENT_TEAM = K76J9YS22W;
				INFOPLIST_FILE = NYTCodeTests/Info.plist;
				LD_RUNPATH_SEARCH_PATHS = "$(inherited) @executable_path/Frameworks @loader_path/Frameworks";
				PRODUCT_BUNDLE_IDENTIFIER = self.NYTCodeTests;
				PRODUCT_NAME = "$(TARGET_NAME)";
				SWIFT_VERSION = 3.0;
				TEST_HOST = "$(BUILT_PRODUCTS_DIR)/NYTCode.app/NYTCode";
			};
			name = Debug;
		};
		9C84B3ED1F672190003AFB09 /* Release */ = {
			isa = XCBuildConfiguration;
			buildSettings = {
				ALWAYS_EMBED_SWIFT_STANDARD_LIBRARIES = YES;
				BUNDLE_LOADER = "$(TEST_HOST)";
				DEVELOPMENT_TEAM = K76J9YS22W;
				INFOPLIST_FILE = NYTCodeTests/Info.plist;
				LD_RUNPATH_SEARCH_PATHS = "$(inherited) @executable_path/Frameworks @loader_path/Frameworks";
				PRODUCT_BUNDLE_IDENTIFIER = self.NYTCodeTests;
				PRODUCT_NAME = "$(TARGET_NAME)";
				SWIFT_VERSION = 3.0;
				TEST_HOST = "$(BUILT_PRODUCTS_DIR)/NYTCode.app/NYTCode";
			};
			name = Release;
		};
		9C84B3EF1F672190003AFB09 /* Debug */ = {
			isa = XCBuildConfiguration;
			buildSettings = {
				ALWAYS_EMBED_SWIFT_STANDARD_LIBRARIES = YES;
				DEVELOPMENT_TEAM = K76J9YS22W;
				INFOPLIST_FILE = NYTCodeUITests/Info.plist;
				LD_RUNPATH_SEARCH_PATHS = "$(inherited) @executable_path/Frameworks @loader_path/Frameworks";
				PRODUCT_BUNDLE_IDENTIFIER = self.NYTCodeUITests;
				PRODUCT_NAME = "$(TARGET_NAME)";
				SWIFT_VERSION = 3.0;
				TEST_TARGET_NAME = NYTCode;
			};
			name = Debug;
		};
		9C84B3F01F672190003AFB09 /* Release */ = {
			isa = XCBuildConfiguration;
			buildSettings = {
				ALWAYS_EMBED_SWIFT_STANDARD_LIBRARIES = YES;
				DEVELOPMENT_TEAM = K76J9YS22W;
				INFOPLIST_FILE = NYTCodeUITests/Info.plist;
				LD_RUNPATH_SEARCH_PATHS = "$(inherited) @executable_path/Frameworks @loader_path/Frameworks";
				PRODUCT_BUNDLE_IDENTIFIER = self.NYTCodeUITests;
				PRODUCT_NAME = "$(TARGET_NAME)";
				SWIFT_VERSION = 3.0;
				TEST_TARGET_NAME = NYTCode;
			};
			name = Release;
		};
/* End XCBuildConfiguration section */

/* Begin XCConfigurationList section */
		9C84B3BB1F672190003AFB09 /* Build configuration list for PBXProject "NYTCode" */ = {
			isa = XCConfigurationList;
			buildConfigurations = (
				9C84B3E61F672190003AFB09 /* Debug */,
				9C84B3E71F672190003AFB09 /* Release */,
			);
			defaultConfigurationIsVisible = 0;
			defaultConfigurationName = Release;
		};
		9C84B3E81F672190003AFB09 /* Build configuration list for PBXNativeTarget "NYTCode" */ = {
			isa = XCConfigurationList;
			buildConfigurations = (
				9C84B3E91F672190003AFB09 /* Debug */,
				9C84B3EA1F672190003AFB09 /* Release */,
			);
			defaultConfigurationIsVisible = 0;
			defaultConfigurationName = Release;
		};
		9C84B3EB1F672190003AFB09 /* Build configuration list for PBXNativeTarget "NYTCodeTests" */ = {
			isa = XCConfigurationList;
			buildConfigurations = (
				9C84B3EC1F672190003AFB09 /* Debug */,
				9C84B3ED1F672190003AFB09 /* Release */,
			);
			defaultConfigurationIsVisible = 0;
			defaultConfigurationName = Release;
		};
		9C84B3EE1F672190003AFB09 /* Build configuration list for PBXNativeTarget "NYTCodeUITests" */ = {
			isa = XCConfigurationList;
			buildConfigurations = (
				9C84B3EF1F672190003AFB09 /* Debug */,
				9C84B3F01F672190003AFB09 /* Release */,
			);
			defaultConfigurationIsVisible = 0;
			defaultConfigurationName = Release;
		};
/* End XCConfigurationList section */
	};
	rootObject = 9C84B3B81F672190003AFB09 /* Project object */;
}
